
Microsoft Visual Studio Solution File, Format Version 12.00
# Visual Studio Version 17
VisualStudioVersion = 17.14.36705.20 d17.14
MinimumVisualStudioVersion = 10.0.40219.1
Project("{F184B08F-C81C-45F6-A57F-5ABD9991F28F}") = "SQLite_VB_NET", "SQLite_VB_NET\SQLite_VB_NET.vbproj", "{FCED373C-4CE9-4EAC-8B20-AB137D798688}"
EndProject
Global
	GlobalSection(SolutionConfigurationPlatforms) = preSolution
		Debug|Any CPU = Debug|Any CPU
		Release|Any CPU = Release|Any CPU
	EndGlobalSection
	GlobalSection(ProjectConfigurationPlatforms) = postSolution
		{FCED373C-4CE9-4EAC-8B20-AB137D798688}.Debug|Any CPU.ActiveCfg = Debug|Any CPU
		{FCED373C-4CE9-4EAC-8B20-AB137D798688}.Debug|Any CPU.Build.0 = Debug|Any CPU
		{FCED373C-4CE9-4EAC-8B20-AB137D798688}.Release|Any CPU.ActiveCfg = Release|Any CPU
		{FCED373C-4CE9-4EAC-8B20-AB137D798688}.Release|Any CPU.Build.0 = Release|Any CPU
	EndGlobalSection
	GlobalSection(SolutionProperties) = preSolution
		HideSolutionNode = FALSE
	EndGlobalSection
	GlobalSection(ExtensibilityGlobals) = postSolution
		SolutionGuid = {676A2D32-A36E-4DEA-860A-20AC49BABFC4}
	EndGlobalSection
EndGlobal
